// !$*UTF8*$!
{
	archiveVersion = 1;
	classes = {
	};
	objectVersion = 51;
	objects = {

/* Begin PBXBuildFile section */
		616C4E2422C30EC70004C417 /* AppDelegate.swift in Sources */ = {isa = PBXBuildFile; fileRef = 616C4E2322C30EC70004C417 /* AppDelegate.swift */; };
		616C4E2622C30EC70004C417 /* ViewController.swift in Sources */ = {isa = PBXBuildFile; fileRef = 616C4E2522C30EC70004C417 /* ViewController.swift */; };
		616C4E2922C30EC70004C417 /* Main.storyboard in Resources */ = {isa = PBXBuildFile; fileRef = 616C4E2722C30EC70004C417 /* Main.storyboard */; };
		616C4E2B22C30EC80004C417 /* Assets.xcassets in Resources */ = {isa = PBXBuildFile; fileRef = 616C4E2A22C30EC80004C417 /* Assets.xcassets */; };
		616C4E2E22C30EC80004C417 /* LaunchScreen.storyboard in Resources */ = {isa = PBXBuildFile; fileRef = 616C4E2C22C30EC80004C417 /* LaunchScreen.storyboard */; };
		96E25672141E07FE1948D27A /* Pods_ReaseTest.framework in Frameworks */ = {isa = PBXBuildFile; fileRef = A17F855FABDBDBBF6227AFD1 /* Pods_ReaseTest.framework */; };
/* End PBXBuildFile section */

/* Begin PBXFileReference section */
		2EDB58522B08220C806B01A3 /* Pods-ReaseTest.debug.xcconfig */ = {isa = PBXFileReference; includeInIndex = 1; lastKnownFileType = text.xcconfig; name = "Pods-ReaseTest.debug.xcconfig"; path = "Target Support Files/Pods-ReaseTest/Pods-ReaseTest.debug.xcconfig"; sourceTree = "<group>"; };
		616C4E2022C30EC70004C417 /* ReaseTest.app */ = {isa = PBXFileReference; explicitFileType = wrapper.application; includeInIndex = 0; path = ReaseTest.app; sourceTree = BUILT_PRODUCTS_DIR; };
		616C4E2322C30EC70004C417 /* AppDelegate.swift */ = {isa = PBXFileReference; lastKnownFileType = sourcecode.swift; path = AppDelegate.swift; sourceTree = "<group>"; };
		616C4E2522C30EC70004C417 /* ViewController.swift */ = {isa = PBXFileReference; lastKnownFileType = sourcecode.swift; path = ViewController.swift; sourceTree = "<group>"; };
		616C4E2822C30EC70004C417 /* Base */ = {isa = PBXFileReference; lastKnownFileType = file.storyboard; name = Base; path = Base.lproj/Main.storyboard; sourceTree = "<group>"; };
		616C4E2A22C30EC80004C417 /* Assets.xcassets */ = {isa = PBXFileReference; lastKnownFileType = folder.assetcatalog; path = Assets.xcassets; sourceTree = "<group>"; };
		616C4E2D22C30EC80004C417 /* Base */ = {isa = PBXFileReference; lastKnownFileType = file.storyboard; name = Base; path = Base.lproj/LaunchScreen.storyboard; sourceTree = "<group>"; };
		616C4E2F22C30EC80004C417 /* Info.plist */ = {isa = PBXFileReference; lastKnownFileType = text.plist.xml; path = Info.plist; sourceTree = "<group>"; };
		A17F855FABDBDBBF6227AFD1 /* Pods_ReaseTest.framework */ = {isa = PBXFileReference; explicitFileType = wrapper.framework; includeInIndex = 0; path = Pods_ReaseTest.framework; sourceTree = BUILT_PRODUCTS_DIR; };
		F4F6D77830293D71864F3827 /* Pods-ReaseTest.release.xcconfig */ = {isa = PBXFileReference; includeInIndex = 1; lastKnownFileType = text.xcconfig; name = "Pods-ReaseTest.release.xcconfig"; path = "Target Support Files/Pods-ReaseTest/Pods-ReaseTest.release.xcconfig"; sourceTree = "<group>"; };
/* End PBXFileReference section */

/* Begin PBXFrameworksBuildPhase section */
		616C4E1D22C30EC70004C417 /* Frameworks */ = {
			isa = PBXFrameworksBuildPhase;
			buildActionMask = 2147483647;
			files = (
				96E25672141E07FE1948D27A /* Pods_ReaseTest.framework in Frameworks */,
			);
			runOnlyForDeploymentPostprocessing = 0;
		};
/* End PBXFrameworksBuildPhase section */

/* Begin PBXGroup section */
		4F583D83AFE14F7BCC141518 /* Pods */ = {
			isa = PBXGroup;
			children = (
				2EDB58522B08220C806B01A3 /* Pods-ReaseTest.debug.xcconfig */,
				F4F6D77830293D71864F3827 /* Pods-ReaseTest.release.xcconfig */,
			);
			path = Pods;
			sourceTree = "<group>";
		};
		616C4E1722C30EC70004C417 = {
			isa = PBXGroup;
			children = (
				616C4E2222C30EC70004C417 /* ReaseTest */,
				616C4E2122C30EC70004C417 /* Products */,
				4F583D83AFE14F7BCC141518 /* Pods */,
				A7079F3AEB7042E5A57DD0F9 /* Frameworks */,
			);
			sourceTree = "<group>";
		};
		616C4E2122C30EC70004C417 /* Products */ = {
			isa = PBXGroup;
			children = (
				616C4E2022C30EC70004C417 /* ReaseTest.app */,
			);
			name = Products;
			sourceTree = "<group>";
		};
		616C4E2222C30EC70004C417 /* ReaseTest */ = {
			isa = PBXGroup;
			children = (
				616C4E2322C30EC70004C417 /* AppDelegate.swift */,
				616C4E2522C30EC70004C417 /* ViewController.swift */,
				616C4E2722C30EC70004C417 /* Main.storyboard */,
				616C4E2A22C30EC80004C417 /* Assets.xcassets */,
				616C4E2C22C30EC80004C417 /* LaunchScreen.storyboard */,
				616C4E2F22C30EC80004C417 /* Info.plist */,
			);
			path = ReaseTest;
			sourceTree = "<group>";
		};
		A7079F3AEB7042E5A57DD0F9 /* Frameworks */ = {
			isa = PBXGroup;
			children = (
				A17F855FABDBDBBF6227AFD1 /* Pods_ReaseTest.framework */,
			);
			name = Frameworks;
			sourceTree = "<group>";
		};
/* End PBXGroup section */

/* Begin PBXNativeTarget section */
		616C4E1F22C30EC70004C417 /* ReaseTest */ = {
			isa = PBXNativeTarget;
			buildConfigurationList = 616C4E3222C30EC80004C417 /* Build configuration list for PBXNativeTarget "ReaseTest" */;
			buildPhases = (
				EC38C6354FB94C6CC3074D50 /* [CP] Check Pods Manifest.lock */,
				616C4E1C22C30EC70004C417 /* Sources */,
				616C4E1D22C30EC70004C417 /* Frameworks */,
				616C4E1E22C30EC70004C417 /* Resources */,
				20582FB977696A4E510A2A4C /* [CP] Embed Pods Frameworks */,
			);
			buildRules = (
			);
			dependencies = (
			);
			name = ReaseTest;
			productName = ReaseTest;
			productReference = 616C4E2022C30EC70004C417 /* ReaseTest.app */;
			productType = "com.apple.product-type.application";
		};
/* End PBXNativeTarget section */

/* Begin PBXProject section */
		616C4E1822C30EC70004C417 /* Project object */ = {
			isa = PBXProject;
			attributes = {
				LastSwiftUpdateCheck = 1010;
				LastUpgradeCheck = 1010;
				ORGANIZATIONNAME = "Utimes-MacbookPro";
				TargetAttributes = {
					616C4E1F22C30EC70004C417 = {
						CreatedOnToolsVersion = 10.1;
					};
				};
			};
			buildConfigurationList = 616C4E1B22C30EC70004C417 /* Build configuration list for PBXProject "ReaseTest" */;
			compatibilityVersion = "Xcode 9.3";
			developmentRegion = en;
			hasScannedForEncodings = 0;
			knownRegions = (
				en,
				Base,
			);
			mainGroup = 616C4E1722C30EC70004C417;
			productRefGroup = 616C4E2122C30EC70004C417 /* Products */;
			projectDirPath = "";
			projectRoot = "";
			targets = (
				616C4E1F22C30EC70004C417 /* ReaseTest */,
			);
		};
/* End PBXProject section */

/* Begin PBXResourcesBuildPhase section */
		616C4E1E22C30EC70004C417 /* Resources */ = {
			isa = PBXResourcesBuildPhase;
			buildActionMask = 2147483647;
			files = (
				616C4E2E22C30EC80004C417 /* LaunchScreen.storyboard in Resources */,
				616C4E2B22C30EC80004C417 /* Assets.xcassets in Resources */,
				616C4E2922C30EC70004C417 /* Main.storyboard in Resources */,
			);
			runOnlyForDeploymentPostprocessing = 0;
		};
/* End PBXResourcesBuildPhase section */

/* Begin PBXShellScriptBuildPhase section */
		20582FB977696A4E510A2A4C /* [CP] Embed Pods Frameworks */ = {
			isa = PBXShellScriptBuildPhase;
			buildActionMask = 2147483647;
			files = (
			);
			inputFileListPaths = (
				"${PODS_ROOT}/Target Support Files/Pods-ReaseTest/Pods-ReaseTest-frameworks-${CONFIGURATION}-input-files.xcfilelist",
			);
			name = "[CP] Embed Pods Frameworks";
			outputFileListPaths = (
				"${PODS_ROOT}/Target Support Files/Pods-ReaseTest/Pods-ReaseTest-frameworks-${CONFIGURATION}-output-files.xcfilelist",
			);
			runOnlyForDeploymentPostprocessing = 0;
			shellPath = /bin/sh;
			shellScript = "\"${PODS_ROOT}/Target Support Files/Pods-ReaseTest/Pods-ReaseTest-frameworks.sh\"\n";
			showEnvVarsInLog = 0;
		};
		EC38C6354FB94C6CC3074D50 /* [CP] Check Pods Manifest.lock */ = {
			isa = PBXShellScriptBuildPhase;
			buildActionMask = 2147483647;
			files = (
			);
			inputFileListPaths = (
			);
			inputPaths = (
				"${PODS_PODFILE_DIR_PATH}/Podfile.lock",
				"${PODS_ROOT}/Manifest.lock",
			);
			name = "[CP] Check Pods Manifest.lock";
			outputFileListPaths = (
			);
			outputPaths = (
				"$(DERIVED_FILE_DIR)/Pods-ReaseTest-checkManifestLockResult.txt",
			);
			runOnlyForDeploymentPostprocessing = 0;
			shellPath = /bin/sh;
			shellScript = "diff \"${PODS_PODFILE_DIR_PATH}/Podfile.lock\" \"${PODS_ROOT}/Manifest.lock\" > /dev/null\nif [ $? != 0 ] ; then\n    # print error to STDERR\n    echo \"error: The sandbox is not in sync with the Podfile.lock. Run 'pod install' or update your CocoaPods installation.\" >&2\n    exit 1\nfi\n# This output is used by Xcode 'outputs' to avoid re-running this script phase.\necho \"SUCCESS\" > \"${SCRIPT_OUTPUT_FILE_0}\"\n";
			showEnvVarsInLog = 0;
		};
/* End PBXShellScriptBuildPhase section */

/* Begin PBXSourcesBuildPhase section */
		616C4E1C22C30EC70004C417 /* Sources */ = {
			isa = PBXSourcesBuildPhase;
			buildActionMask = 2147483647;
			files = (
				616C4E2622C30EC70004C417 /* ViewController.swift in Sources */,
				616C4E2422C30EC70004C417 /* AppDelegate.swift in Sources */,
			);
			runOnlyForDeploymentPostprocessing = 0;
		};
/* End PBXSourcesBuildPhase section */

/* Begin PBXVariantGroup section */
		616C4E2722C30EC70004C417 /* Main.storyboard */ = {
			isa = PBXVariantGroup;
			children = (
				616C4E2822C30EC70004C417 /* Base */,
			);
			name = Main.storyboard;
			sourceTree = "<group>";
		};
		616C4E2C22C30EC80004C417 /* LaunchScreen.storyboard */ = {
			isa = PBXVariantGroup;
			children = (
				616C4E2D22C30EC80004C417 /* Base */,
			);
			name = LaunchScreen.storyboard;
			sourceTree = "<group>";
		};
/* End PBXVariantGroup section */

/* Begin XCBuildConfiguration section */
		616C4E3022C30EC80004C417 /* Debug */ = {
			isa = XCBuildConfiguration;
			buildSettings = {
				ALWAYS_SEARCH_USER_PATHS = NO;
				CLANG_ANALYZER_NONNULL = YES;
				CLANG_ANALYZER_NUMBER_OBJECT_CONVERSION = YES_AGGRESSIVE;
				CLANG_CXX_LANGUAGE_STANDARD = "gnu++14";
				CLANG_CXX_LIBRARY = "libc++";
				CLANG_ENABLE_MODULES = YES;
				CLANG_ENABLE_OBJC_ARC = YES;
				CLANG_ENABLE_OBJC_WEAK = YES;
				CLANG_WARN_BLOCK_CAPTURE_AUTORELEASING = YES;
				CLANG_WARN_BOOL_CONVERSION = YES;
				CLANG_WARN_COMMA = YES;
				CLANG_WARN_CONSTANT_CONVERSION = YES;
				CLANG_WARN_DEPRECATED_OBJC_IMPLEMENTATIONS = YES;
				CLANG_WARN_DIRECT_OBJC_ISA_USAGE = YES_ERROR;
				CLANG_WARN_DOCUMENTATION_COMMENTS = YES;
				CLANG_WARN_EMPTY_BODY = YES;
				CLANG_WARN_ENUM_CONVERSION = YES;
				CLANG_WARN_INFINITE_RECURSION = YES;
				CLANG_WARN_INT_CONVERSION = YES;
				CLANG_WARN_NON_LITERAL_NULL_CONVERSION = YES;
				CLANG_WARN_OBJC_IMPLICIT_RETAIN_SELF = YES;
				CLANG_WARN_OBJC_LITERAL_CONVERSION = YES;
				CLANG_WARN_OBJC_ROOT_CLASS = YES_ERROR;
				CLANG_WARN_RANGE_LOOP_ANALYSIS = YES;
				CLANG_WARN_STRICT_PROTOTYPES = YES;
				CLANG_WARN_SUSPICIOUS_MOVE = YES;
				CLANG_WARN_UNGUARDED_AVAILABILITY = YES_AGGRESSIVE;
				CLANG_WARN_UNREACHABLE_CODE = YES;
				CLANG_WARN__DUPLICATE_METHOD_MATCH = YES;
				CODE_SIGN_IDENTITY = "iPhone Developer";
				COPY_PHASE_STRIP = NO;
				DEBUG_INFORMATION_FORMAT = dwarf;
				ENABLE_STRICT_OBJC_MSGSEND = YES;
				ENABLE_TESTABILITY = YES;
				GCC_C_LANGUAGE_STANDARD = gnu11;
				GCC_DYNAMIC_NO_PIC = NO;
				GCC_NO_COMMON_BLOCKS = YES;
				GCC_OPTIMIZATION_LEVEL = 0;
				GCC_PREPROCESSOR_DEFINITIONS = (
					"DEBUG=1",
					"$(inherited)",
				);
				GCC_WARN_64_TO_32_BIT_CONVERSION = YES;
				GCC_WARN_ABOUT_RETURN_TYPE = YES_ERROR;
				GCC_WARN_UNDECLARED_SELECTOR = YES;
				GCC_WARN_UNINITIALIZED_AUTOS = YES_AGGRESSIVE;
				GCC_WARN_UNUSED_FUNCTION = YES;
				GCC_WARN_UNUSED_VARIABLE = YES;
				IPHONEOS_DEPLOYMENT_TARGET = 12.1;
				MTL_ENABLE_DEBUG_INFO = INCLUDE_SOURCE;
				MTL_FAST_MATH = YES;
				ONLY_ACTIVE_ARCH = YES;
				SDKROOT = iphoneos;
				SWIFT_ACTIVE_COMPILATION_CONDITIONS = DEBUG;
				SWIFT_OPTIMIZATION_LEVEL = "-Onone";
			};
			name = Debug;
		};
		616C4E3122C30EC80004C417 /* Release */ = {
			isa = XCBuildConfiguration;
			buildSettings = {
				ALWAYS_SEARCH_USER_PATHS = NO;
				CLANG_ANALYZER_NONNULL = YES;
				CLANG_ANALYZER_NUMBER_OBJECT_CONVERSION = YES_AGGRESSIVE;
				CLANG_CXX_LANGUAGE_STANDARD = "gnu++14";
				CLANG_CXX_LIBRARY = "libc++";
				CLANG_ENABLE_MODULES = YES;
				CLANG_ENABLE_OBJC_ARC = YES;
				CLANG_ENABLE_OBJC_WEAK = YES;
				CLANG_WARN_BLOCK_CAPTURE_AUTORELEASING = YES;
				CLANG_WARN_BOOL_CONVERSION = YES;
				CLANG_WARN_COMMA = YES;
				CLANG_WARN_CONSTANT_CONVERSION = YES;
				CLANG_WARN_DEPRECATED_OBJC_IMPLEMENTATIONS = YES;
				CLANG_WARN_DIRECT_OBJC_ISA_USAGE = YES_ERROR;
				CLANG_WARN_DOCUMENTATION_COMMENTS = YES;
				CLANG_WARN_EMPTY_BODY = YES;
				CLANG_WARN_ENUM_CONVERSION = YES;
				CLANG_WARN_INFINITE_RECURSION = YES;
				CLANG_WARN_INT_CONVERSION = YES;
				CLANG_WARN_NON_LITERAL_NULL_CONVERSION = YES;
				CLANG_WARN_OBJC_IMPLICIT_RETAIN_SELF = YES;
				CLANG_WARN_OBJC_LITERAL_CONVERSION = YES;
				CLANG_WARN_OBJC_ROOT_CLASS = YES_ERROR;
				CLANG_WARN_RANGE_LOOP_ANALYSIS = YES;
				CLANG_WARN_STRICT_PROTOTYPES = YES;
				CLANG_WARN_SUSPICIOUS_MOVE = YES;
				CLANG_WARN_UNGUARDED_AVAILABILITY = YES_AGGRESSIVE;
				CLANG_WARN_UNREACHABLE_CODE = YES;
				CLANG_WARN__DUPLICATE_METHOD_MATCH = YES;
				CODE_SIGN_IDENTITY = "iPhone Developer";
				COPY_PHASE_STRIP = NO;
				DEBUG_INFORMATION_FORMAT = "dwarf-with-dsym";
				ENABLE_NS_ASSERTIONS = NO;
				ENABLE_STRICT_OBJC_MSGSEND = YES;
				GCC_C_LANGUAGE_STANDARD = gnu11;
				GCC_NO_COMMON_BLOCKS = YES;
				GCC_WARN_64_TO_32_BIT_CONVERSION = YES;
				GCC_WARN_ABOUT_RETURN_TYPE = YES_ERROR;
				GCC_WARN_UNDECLARED_SELECTOR = YES;
				GCC_WARN_UNINITIALIZED_AUTOS = YES_AGGRESSIVE;
				GCC_WARN_UNUSED_FUNCTION = YES;
				GCC_WARN_UNUSED_VARIABLE = YES;
				IPHONEOS_DEPLOYMENT_TARGET = 12.1;
				MTL_ENABLE_DEBUG_INFO = NO;
				MTL_FAST_MATH = YES;
				SDKROOT = iphoneos;
				SWIFT_COMPILATION_MODE = wholemodule;
				SWIFT_OPTIMIZATION_LEVEL = "-O";
				VALIDATE_PRODUCT = YES;
			};
			name = Release;
		};
		616C4E3322C30EC80004C417 /* Debug */ = {
			isa = XCBuildConfiguration;
			baseConfigurationReference = 2EDB58522B08220C806B01A3 /* Pods-ReaseTest.debug.xcconfig */;
			buildSettings = {
				ASSETCATALOG_COMPILER_APPICON_NAME = AppIcon;
				CODE_SIGN_IDENTITY = "iPhone Developer";
				CODE_SIGN_STYLE = Automatic;
				CURRENT_PROJECT_VERSION = 20190626.04;
				DEVELOPMENT_TEAM = 7Q3U2473P5;
				INFOPLIST_FILE = ReaseTest/Info.plist;
				IPHONEOS_DEPLOYMENT_TARGET = 10.0;
				LD_RUNPATH_SEARCH_PATHS = (
					"$(inherited)",
					"@executable_path/Frameworks",
				);
				PRODUCT_BUNDLE_IDENTIFIER = aa.bb.com.ReaseTest;
				PRODUCT_NAME = "$(TARGET_NAME)";
				PROVISIONING_PROFILE_SPECIFIER = "";
				SWIFT_VERSION = 4.2;
				TARGETED_DEVICE_FAMILY = 1;
				VERSIONING_SYSTEM = "apple-generic";
			};
			name = Debug;
		};
		616C4E3422C30EC80004C417 /* Release */ = {
			isa = XCBuildConfiguration;
			baseConfigurationReference = F4F6D77830293D71864F3827 /* Pods-ReaseTest.release.xcconfig */;
			buildSettings = {
				ASSETCATALOG_COMPILER_APPICON_NAME = AppIcon;
				CODE_SIGN_IDENTITY = "iPhone Developer";
				CODE_SIGN_STYLE = Automatic;
				CURRENT_PROJECT_VERSION = 20190626.04;
				DEVELOPMENT_TEAM = 7Q3U2473P5;
				INFOPLIST_FILE = ReaseTest/Info.plist;
				IPHONEOS_DEPLOYMENT_TARGET = 10.0;
				LD_RUNPATH_SEARCH_PATHS = (
					"$(inherited)",
					"@executable_path/Frameworks",
				);
				PRODUCT_BUNDLE_IDENTIFIER = aa.bb.com.ReaseTest;
				PRODUCT_NAME = "$(TARGET_NAME)";
				PROVISIONING_PROFILE_SPECIFIER = "";
				SWIFT_VERSION = 4.2;
				TARGETED_DEVICE_FAMILY = 1;
				VERSIONING_SYSTEM = "apple-generic";
			};
			name = Release;
		};
/* End XCBuildConfiguration section */

/* Begin XCConfigurationList section */
		616C4E1B22C30EC70004C417 /* Build configuration list for PBXProject "ReaseTest" */ = {
			isa = XCConfigurationList;
			buildConfigurations = (
				616C4E3022C30EC80004C417 /* Debug */,
				616C4E3122C30EC80004C417 /* Release */,
			);
			defaultConfigurationIsVisible = 0;
			defaultConfigurationName = Release;
		};
		616C4E3222C30EC80004C417 /* Build configuration list for PBXNativeTarget "ReaseTest" */ = {
			isa = XCConfigurationList;
			buildConfigurations = (
				616C4E3322C30EC80004C417 /* Debug */,
				616C4E3422C30EC80004C417 /* Release */,
			);
			defaultConfigurationIsVisible = 0;
			defaultConfigurationName = Release;
		};
/* End XCConfigurationList section */
	};
	rootObject = 616C4E1822C30EC70004C417 /* Project object */;
}
